
Microsoft Visual Studio Solution File, Format Version 12.00
# Visual Studio 15
VisualStudioVersion = 15.0.28307.329
MinimumVisualStudioVersion = 10.0.40219.1
Project("{2150E333-8FDC-42A3-9474-1A3956D46DE8}") = "1 - SOLID", "1 - SOLID", "{D0A7A306-3CDB-4E01-83E2-AF05F585EE1B}"
EndProject
Project("{9A19103F-16F7-4668-BE54-9A1E7A4F7556}") = "DevWebModel.SOLID", "DevWebModel.SOLID\DevWebModel.SOLID.csproj", "{C426D59F-0108-4C5F-8ABC-8E0463553FCD}"
EndProject
Project("{2150E333-8FDC-42A3-9474-1A3956D46DE8}") = "2 - PF", "2 - PF", "{15296D40-3C4A-4B3A-A910-90EA9CB359BB}"
EndProject
Project("{9A19103F-16F7-4668-BE54-9A1E7A4F7556}") = "DevWebModel.PF", "DevWebModel.PF\DevWebModel.PF.csproj", "{21B2AC1A-36ED-4205-AE95-9524BE82D2ED}"
EndProject
Project("{2150E333-8FDC-42A3-9474-1A3956D46DE8}") = "3 - PROJETO", "3 - PROJETO", "{9ABE603F-FA55-4FFE-AA64-5AAC7231F76A}"
EndProject
Project("{2150E333-8FDC-42A3-9474-1A3956D46DE8}") = "1 - WebService", "1 - WebService", "{92FC2D1C-F26E-4A58-AFBB-056C802F8D4F}"
EndProject
Project("{2150E333-8FDC-42A3-9474-1A3956D46DE8}") = "2 - Application", "2 - Application", "{A9425DF9-19DA-412E-B971-3E3728334D6F}"
EndProject
Project("{2150E333-8FDC-42A3-9474-1A3956D46DE8}") = "3 - Domain", "3 - Domain", "{53EA0862-C249-4FF1-B4F2-A32B939DCABD}"
EndProject
Project("{2150E333-8FDC-42A3-9474-1A3956D46DE8}") = "4 - Infra", "4 - Infra", "{A2927443-687D-4B04-AEAD-D9EADB988B92}"
EndProject
Project("{2150E333-8FDC-42A3-9474-1A3956D46DE8}") = "4.1 CrossCutting", "4.1 CrossCutting", "{268DCA7F-A138-40B6-9CB0-357012E61D17}"
EndProject
Project("{2150E333-8FDC-42A3-9474-1A3956D46DE8}") = "4.2 Data", "4.2 Data", "{38417DD4-BC7F-474F-82E6-D96B69AB32E3}"
EndProject
Project("{9A19103F-16F7-4668-BE54-9A1E7A4F7556}") = "Projeto.Domain.Administrativo", "Projeto.Domain\Projeto.Domain.Administrativo.csproj", "{E9526C08-4D68-4737-9A94-C4EBFD620DFB}"
EndProject
Project("{9A19103F-16F7-4668-BE54-9A1E7A4F7556}") = "Projeto.Domain.Shared", "Projeto.Domain.Shared\Projeto.Domain.Shared.csproj", "{3F80D396-3987-4BE0-92B9-E5FCE2D5F0AC}"
EndProject
Project("{9A19103F-16F7-4668-BE54-9A1E7A4F7556}") = "Projeto.Domain.Operacional", "Projeto.Domain.Operacional\Projeto.Domain.Operacional.csproj", "{C4288190-8FA4-4B57-BE2F-85D6254A687A}"
EndProject
Project("{9A19103F-16F7-4668-BE54-9A1E7A4F7556}") = "Projeto.Domain.Core", "Projeto.Domain.Core\Projeto.Domain.Core.csproj", "{BD4FE0FC-1EAB-4BDD-A5BB-FB6395610A22}"
EndProject
Project("{9A19103F-16F7-4668-BE54-9A1E7A4F7556}") = "Projeto.Application", "Projeto.Application\Projeto.Application.csproj", "{A15B2151-A91B-4425-BDB1-A2F61F28970B}"
EndProject
Project("{9A19103F-16F7-4668-BE54-9A1E7A4F7556}") = "Projeto.ConsoleApp", "Projeto.ConsoleApp\Projeto.ConsoleApp.csproj", "{B03AB8A8-A88E-443E-AA49-04241B8972B3}"
EndProject
Project("{9A19103F-16F7-4668-BE54-9A1E7A4F7556}") = "Projeto.Data", "Projeto.Data\Projeto.Data.csproj", "{AA88D1B7-623A-487D-BC9E-58C2A45ACB69}"
EndProject
Global
	GlobalSection(SolutionConfigurationPlatforms) = preSolution
		Debug|Any CPU = Debug|Any CPU
		Release|Any CPU = Release|Any CPU
	EndGlobalSection
	GlobalSection(ProjectConfigurationPlatforms) = postSolution
		{C426D59F-0108-4C5F-8ABC-8E0463553FCD}.Debug|Any CPU.ActiveCfg = Debug|Any CPU
		{C426D59F-0108-4C5F-8ABC-8E0463553FCD}.Debug|Any CPU.Build.0 = Debug|Any CPU
		{C426D59F-0108-4C5F-8ABC-8E0463553FCD}.Release|Any CPU.ActiveCfg = Release|Any CPU
		{C426D59F-0108-4C5F-8ABC-8E0463553FCD}.Release|Any CPU.Build.0 = Release|Any CPU
		{21B2AC1A-36ED-4205-AE95-9524BE82D2ED}.Debug|Any CPU.ActiveCfg = Debug|Any CPU
		{21B2AC1A-36ED-4205-AE95-9524BE82D2ED}.Debug|Any CPU.Build.0 = Debug|Any CPU
		{21B2AC1A-36ED-4205-AE95-9524BE82D2ED}.Release|Any CPU.ActiveCfg = Release|Any CPU
		{21B2AC1A-36ED-4205-AE95-9524BE82D2ED}.Release|Any CPU.Build.0 = Release|Any CPU
		{E9526C08-4D68-4737-9A94-C4EBFD620DFB}.Debug|Any CPU.ActiveCfg = Debug|Any CPU
		{E9526C08-4D68-4737-9A94-C4EBFD620DFB}.Debug|Any CPU.Build.0 = Debug|Any CPU
		{E9526C08-4D68-4737-9A94-C4EBFD620DFB}.Release|Any CPU.ActiveCfg = Release|Any CPU
		{E9526C08-4D68-4737-9A94-C4EBFD620DFB}.Release|Any CPU.Build.0 = Release|Any CPU
		{3F80D396-3987-4BE0-92B9-E5FCE2D5F0AC}.Debug|Any CPU.ActiveCfg = Debug|Any CPU
		{3F80D396-3987-4BE0-92B9-E5FCE2D5F0AC}.Debug|Any CPU.Build.0 = Debug|Any CPU
		{3F80D396-3987-4BE0-92B9-E5FCE2D5F0AC}.Release|Any CPU.ActiveCfg = Release|Any CPU
		{3F80D396-3987-4BE0-92B9-E5FCE2D5F0AC}.Release|Any CPU.Build.0 = Release|Any CPU
		{C4288190-8FA4-4B57-BE2F-85D6254A687A}.Debug|Any CPU.ActiveCfg = Debug|Any CPU
		{C4288190-8FA4-4B57-BE2F-85D6254A687A}.Debug|Any CPU.Build.0 = Debug|Any CPU
		{C4288190-8FA4-4B57-BE2F-85D6254A687A}.Release|Any CPU.ActiveCfg = Release|Any CPU
		{C4288190-8FA4-4B57-BE2F-85D6254A687A}.Release|Any CPU.Build.0 = Release|Any CPU
		{BD4FE0FC-1EAB-4BDD-A5BB-FB6395610A22}.Debug|Any CPU.ActiveCfg = Debug|Any CPU
		{BD4FE0FC-1EAB-4BDD-A5BB-FB6395610A22}.Debug|Any CPU.Build.0 = Debug|Any CPU
		{BD4FE0FC-1EAB-4BDD-A5BB-FB6395610A22}.Release|Any CPU.ActiveCfg = Release|Any CPU
		{BD4FE0FC-1EAB-4BDD-A5BB-FB6395610A22}.Release|Any CPU.Build.0 = Release|Any CPU
		{A15B2151-A91B-4425-BDB1-A2F61F28970B}.Debug|Any CPU.ActiveCfg = Debug|Any CPU
		{A15B2151-A91B-4425-BDB1-A2F61F28970B}.Debug|Any CPU.Build.0 = Debug|Any CPU
		{A15B2151-A91B-4425-BDB1-A2F61F28970B}.Release|Any CPU.ActiveCfg = Release|Any CPU
		{A15B2151-A91B-4425-BDB1-A2F61F28970B}.Release|Any CPU.Build.0 = Release|Any CPU
		{B03AB8A8-A88E-443E-AA49-04241B8972B3}.Debug|Any CPU.ActiveCfg = Debug|Any CPU
		{B03AB8A8-A88E-443E-AA49-04241B8972B3}.Debug|Any CPU.Build.0 = Debug|Any CPU
		{B03AB8A8-A88E-443E-AA49-04241B8972B3}.Release|Any CPU.ActiveCfg = Release|Any CPU
		{B03AB8A8-A88E-443E-AA49-04241B8972B3}.Release|Any CPU.Build.0 = Release|Any CPU
		{AA88D1B7-623A-487D-BC9E-58C2A45ACB69}.Debug|Any CPU.ActiveCfg = Debug|Any CPU
		{AA88D1B7-623A-487D-BC9E-58C2A45ACB69}.Debug|Any CPU.Build.0 = Debug|Any CPU
		{AA88D1B7-623A-487D-BC9E-58C2A45ACB69}.Release|Any CPU.ActiveCfg = Release|Any CPU
		{AA88D1B7-623A-487D-BC9E-58C2A45ACB69}.Release|Any CPU.Build.0 = Release|Any CPU
	EndGlobalSection
	GlobalSection(SolutionProperties) = preSolution
		HideSolutionNode = FALSE
	EndGlobalSection
	GlobalSection(NestedProjects) = preSolution
		{C426D59F-0108-4C5F-8ABC-8E0463553FCD} = {D0A7A306-3CDB-4E01-83E2-AF05F585EE1B}
		{21B2AC1A-36ED-4205-AE95-9524BE82D2ED} = {15296D40-3C4A-4B3A-A910-90EA9CB359BB}
		{92FC2D1C-F26E-4A58-AFBB-056C802F8D4F} = {9ABE603F-FA55-4FFE-AA64-5AAC7231F76A}
		{A9425DF9-19DA-412E-B971-3E3728334D6F} = {9ABE603F-FA55-4FFE-AA64-5AAC7231F76A}
		{53EA0862-C249-4FF1-B4F2-A32B939DCABD} = {9ABE603F-FA55-4FFE-AA64-5AAC7231F76A}
		{A2927443-687D-4B04-AEAD-D9EADB988B92} = {9ABE603F-FA55-4FFE-AA64-5AAC7231F76A}
		{268DCA7F-A138-40B6-9CB0-357012E61D17} = {A2927443-687D-4B04-AEAD-D9EADB988B92}
		{38417DD4-BC7F-474F-82E6-D96B69AB32E3} = {A2927443-687D-4B04-AEAD-D9EADB988B92}
		{E9526C08-4D68-4737-9A94-C4EBFD620DFB} = {53EA0862-C249-4FF1-B4F2-A32B939DCABD}
		{3F80D396-3987-4BE0-92B9-E5FCE2D5F0AC} = {53EA0862-C249-4FF1-B4F2-A32B939DCABD}
		{C4288190-8FA4-4B57-BE2F-85D6254A687A} = {53EA0862-C249-4FF1-B4F2-A32B939DCABD}
		{BD4FE0FC-1EAB-4BDD-A5BB-FB6395610A22} = {53EA0862-C249-4FF1-B4F2-A32B939DCABD}
		{A15B2151-A91B-4425-BDB1-A2F61F28970B} = {A9425DF9-19DA-412E-B971-3E3728334D6F}
		{B03AB8A8-A88E-443E-AA49-04241B8972B3} = {92FC2D1C-F26E-4A58-AFBB-056C802F8D4F}
		{AA88D1B7-623A-487D-BC9E-58C2A45ACB69} = {38417DD4-BC7F-474F-82E6-D96B69AB32E3}
	EndGlobalSection
	GlobalSection(ExtensibilityGlobals) = postSolution
		SolutionGuid = {8D2BE4F8-BDBD-41B2-B119-6702CD72CC61}
	EndGlobalSection
EndGlobal
